
Microsoft Visual Studio Solution File, Format Version 12.00
# Visual Studio 14
VisualStudioVersion = 14.0.25420.1
MinimumVisualStudioVersion = 10.0.40219.1
Project("{FAE04EC0-301F-11D3-BF4B-00C04F79EFBC}") = "Infrastructure", "infrastructure\Infrastructure.csproj", "{B0D5AE58-2CFA-45E9-B429-2CB4443D770C}"
EndProject
Project("{FAE04EC0-301F-11D3-BF4B-00C04F79EFBC}") = "BookDownloader", "BookDownloader\BookDownloader.csproj", "{E0341FEB-E8E9-4457-8576-B5E15BE9F049}"
EndProject
Project("{FAE04EC0-301F-11D3-BF4B-00C04F79EFBC}") = "BookImageProcessor", "BookImageProcessor\BookImageProcessor.csproj", "{F00657BF-0CE6-44FD-82AC-548E5D65C209}"
	ProjectSection(ProjectDependencies) = postProject
		{B0D5AE58-2CFA-45E9-B429-2CB4443D770C} = {B0D5AE58-2CFA-45E9-B429-2CB4443D770C}
	EndProjectSection
EndProject
Project("{FAE04EC0-301F-11D3-BF4B-00C04F79EFBC}") = "SingleCharacterCollectTest", "SingleCharacterCollectTest\SingleCharacterCollectTest.csproj", "{F60CC69E-A135-40C3-A9DD-A5476BCA8133}"
	ProjectSection(ProjectDependencies) = postProject
		{E9A153F9-104F-4FBE-B0B3-2B0BACCDEC7F} = {E9A153F9-104F-4FBE-B0B3-2B0BACCDEC7F}
	EndProjectSection
EndProject
Project("{FAE04EC0-301F-11D3-BF4B-00C04F79EFBC}") = "CharGenerator", "CharGenerator\CharGenerator.csproj", "{E9A153F9-104F-4FBE-B0B3-2B0BACCDEC7F}"
	ProjectSection(ProjectDependencies) = postProject
		{B0D5AE58-2CFA-45E9-B429-2CB4443D770C} = {B0D5AE58-2CFA-45E9-B429-2CB4443D770C}
	EndProjectSection
EndProject
Project("{FAE04EC0-301F-11D3-BF4B-00C04F79EFBC}") = "ImageSynthesizer", "ImageSynthesizer\ImageSynthesizer.csproj", "{2AA0AE39-4AB9-4EE4-864B-37206D6149C9}"
EndProject
Project("{2150E333-8FDC-42A3-9474-1A3956D46DE8}") = "Solution Items", "Solution Items", "{B72C7E09-85EB-45DE-9742-D7549485E0E1}"
	ProjectSection(SolutionItems) = preProject
		README.md = README.md
	EndProjectSection
EndProject
Global
	GlobalSection(SolutionConfigurationPlatforms) = preSolution
		Debug|Any CPU = Debug|Any CPU
		Release|Any CPU = Release|Any CPU
	EndGlobalSection
	GlobalSection(ProjectConfigurationPlatforms) = postSolution
		{B0D5AE58-2CFA-45E9-B429-2CB4443D770C}.Debug|Any CPU.ActiveCfg = Debug|Any CPU
		{B0D5AE58-2CFA-45E9-B429-2CB4443D770C}.Debug|Any CPU.Build.0 = Debug|Any CPU
		{B0D5AE58-2CFA-45E9-B429-2CB4443D770C}.Release|Any CPU.ActiveCfg = Release|Any CPU
		{B0D5AE58-2CFA-45E9-B429-2CB4443D770C}.Release|Any CPU.Build.0 = Release|Any CPU
		{E0341FEB-E8E9-4457-8576-B5E15BE9F049}.Debug|Any CPU.ActiveCfg = Debug|Any CPU
		{E0341FEB-E8E9-4457-8576-B5E15BE9F049}.Debug|Any CPU.Build.0 = Debug|Any CPU
		{E0341FEB-E8E9-4457-8576-B5E15BE9F049}.Release|Any CPU.ActiveCfg = Release|Any CPU
		{E0341FEB-E8E9-4457-8576-B5E15BE9F049}.Release|Any CPU.Build.0 = Release|Any CPU
		{F00657BF-0CE6-44FD-82AC-548E5D65C209}.Debug|Any CPU.ActiveCfg = Debug|Any CPU
		{F00657BF-0CE6-44FD-82AC-548E5D65C209}.Debug|Any CPU.Build.0 = Debug|Any CPU
		{F00657BF-0CE6-44FD-82AC-548E5D65C209}.Release|Any CPU.ActiveCfg = Release|Any CPU
		{F00657BF-0CE6-44FD-82AC-548E5D65C209}.Release|Any CPU.Build.0 = Release|Any CPU
		{F60CC69E-A135-40C3-A9DD-A5476BCA8133}.Debug|Any CPU.ActiveCfg = Debug|Any CPU
		{F60CC69E-A135-40C3-A9DD-A5476BCA8133}.Debug|Any CPU.Build.0 = Debug|Any CPU
		{F60CC69E-A135-40C3-A9DD-A5476BCA8133}.Release|Any CPU.ActiveCfg = Release|Any CPU
		{F60CC69E-A135-40C3-A9DD-A5476BCA8133}.Release|Any CPU.Build.0 = Release|Any CPU
		{E9A153F9-104F-4FBE-B0B3-2B0BACCDEC7F}.Debug|Any CPU.ActiveCfg = Debug|Any CPU
		{E9A153F9-104F-4FBE-B0B3-2B0BACCDEC7F}.Debug|Any CPU.Build.0 = Debug|Any CPU
		{E9A153F9-104F-4FBE-B0B3-2B0BACCDEC7F}.Release|Any CPU.ActiveCfg = Release|Any CPU
		{E9A153F9-104F-4FBE-B0B3-2B0BACCDEC7F}.Release|Any CPU.Build.0 = Release|Any CPU
		{2AA0AE39-4AB9-4EE4-864B-37206D6149C9}.Debug|Any CPU.ActiveCfg = Debug|Any CPU
		{2AA0AE39-4AB9-4EE4-864B-37206D6149C9}.Debug|Any CPU.Build.0 = Debug|Any CPU
		{2AA0AE39-4AB9-4EE4-864B-37206D6149C9}.Release|Any CPU.ActiveCfg = Release|Any CPU
		{2AA0AE39-4AB9-4EE4-864B-37206D6149C9}.Release|Any CPU.Build.0 = Release|Any CPU
	EndGlobalSection
	GlobalSection(SolutionProperties) = preSolution
		HideSolutionNode = FALSE
	EndGlobalSection
EndGlobal
